// !$*UTF8*$!
{
	archiveVersion = 1;
	classes = {
	};
	objectVersion = 55;
	objects = {

/* Begin PBXBuildFile section */
		874A73002741DEF7005B37A8 /* RecipeDetailView.swift in Sources */ = {isa = PBXBuildFile; fileRef = 874A72FF2741DEF7005B37A8 /* RecipeDetailView.swift */; };
		8762859E27416B2E00FAA87B /* RecipeList2App.swift in Sources */ = {isa = PBXBuildFile; fileRef = 8762859D27416B2E00FAA87B /* RecipeList2App.swift */; };
		876285A027416B2E00FAA87B /* RecipeListView.swift in Sources */ = {isa = PBXBuildFile; fileRef = 8762859F27416B2E00FAA87B /* RecipeListView.swift */; };
		876285A227416B3000FAA87B /* Assets.xcassets in Resources */ = {isa = PBXBuildFile; fileRef = 876285A127416B3000FAA87B /* Assets.xcassets */; };
		876285A527416B3000FAA87B /* Preview Assets.xcassets in Resources */ = {isa = PBXBuildFile; fileRef = 876285A427416B3000FAA87B /* Preview Assets.xcassets */; };
		876285B127416C1D00FAA87B /* Recipe.swift in Sources */ = {isa = PBXBuildFile; fileRef = 876285B027416C1D00FAA87B /* Recipe.swift */; };
		876285B327416C5800FAA87B /* recipes.json in Resources */ = {isa = PBXBuildFile; fileRef = 876285B227416C5800FAA87B /* recipes.json */; };
		876285B527416CC100FAA87B /* DataService.swift in Sources */ = {isa = PBXBuildFile; fileRef = 876285B427416CC100FAA87B /* DataService.swift */; };
		876285B727416CED00FAA87B /* RecipeModel.swift in Sources */ = {isa = PBXBuildFile; fileRef = 876285B627416CED00FAA87B /* RecipeModel.swift */; };
		87C7BEBE27481E4F008D2166 /* RecipeTabView.swift in Sources */ = {isa = PBXBuildFile; fileRef = 87C7BEBD27481E4F008D2166 /* RecipeTabView.swift */; };
		87D6B5922750AE7F00A9E5C4 /* RecipeFeaturedView.swift in Sources */ = {isa = PBXBuildFile; fileRef = 87D6B5912750AE7F00A9E5C4 /* RecipeFeaturedView.swift */; };
/* End PBXBuildFile section */

/* Begin PBXFileReference section */
		874A72FF2741DEF7005B37A8 /* RecipeDetailView.swift */ = {isa = PBXFileReference; lastKnownFileType = sourcecode.swift; path = RecipeDetailView.swift; sourceTree = "<group>"; };
		8762859A27416B2E00FAA87B /* RecipeList2.app */ = {isa = PBXFileReference; explicitFileType = wrapper.application; includeInIndex = 0; path = RecipeList2.app; sourceTree = BUILT_PRODUCTS_DIR; };
		8762859D27416B2E00FAA87B /* RecipeList2App.swift */ = {isa = PBXFileReference; lastKnownFileType = sourcecode.swift; path = RecipeList2App.swift; sourceTree = "<group>"; };
		8762859F27416B2E00FAA87B /* RecipeListView.swift */ = {isa = PBXFileReference; lastKnownFileType = sourcecode.swift; path = RecipeListView.swift; sourceTree = "<group>"; };
		876285A127416B3000FAA87B /* Assets.xcassets */ = {isa = PBXFileReference; lastKnownFileType = folder.assetcatalog; path = Assets.xcassets; sourceTree = "<group>"; };
		876285A427416B3000FAA87B /* Preview Assets.xcassets */ = {isa = PBXFileReference; lastKnownFileType = folder.assetcatalog; path = "Preview Assets.xcassets"; sourceTree = "<group>"; };
		876285B027416C1D00FAA87B /* Recipe.swift */ = {isa = PBXFileReference; fileEncoding = 4; lastKnownFileType = sourcecode.swift; path = Recipe.swift; sourceTree = "<group>"; };
		876285B227416C5800FAA87B /* recipes.json */ = {isa = PBXFileReference; fileEncoding = 4; lastKnownFileType = text.json; path = recipes.json; sourceTree = "<group>"; };
		876285B427416CC100FAA87B /* DataService.swift */ = {isa = PBXFileReference; fileEncoding = 4; lastKnownFileType = sourcecode.swift; path = DataService.swift; sourceTree = "<group>"; };
		876285B627416CED00FAA87B /* RecipeModel.swift */ = {isa = PBXFileReference; fileEncoding = 4; lastKnownFileType = sourcecode.swift; path = RecipeModel.swift; sourceTree = "<group>"; };
		87C7BEBD27481E4F008D2166 /* RecipeTabView.swift */ = {isa = PBXFileReference; lastKnownFileType = sourcecode.swift; path = RecipeTabView.swift; sourceTree = "<group>"; };
		87D6B5912750AE7F00A9E5C4 /* RecipeFeaturedView.swift */ = {isa = PBXFileReference; lastKnownFileType = sourcecode.swift; path = RecipeFeaturedView.swift; sourceTree = "<group>"; };
/* End PBXFileReference section */

/* Begin PBXFrameworksBuildPhase section */
		8762859727416B2E00FAA87B /* Frameworks */ = {
			isa = PBXFrameworksBuildPhase;
			buildActionMask = 2147483647;
			files = (
			);
			runOnlyForDeploymentPostprocessing = 0;
		};
/* End PBXFrameworksBuildPhase section */

/* Begin PBXGroup section */
		8762859127416B2E00FAA87B = {
			isa = PBXGroup;
			children = (
				8762859C27416B2E00FAA87B /* RecipeList2 */,
				8762859B27416B2E00FAA87B /* Products */,
			);
			sourceTree = "<group>";
		};
		8762859B27416B2E00FAA87B /* Products */ = {
			isa = PBXGroup;
			children = (
				8762859A27416B2E00FAA87B /* RecipeList2.app */,
			);
			name = Products;
			sourceTree = "<group>";
		};
		8762859C27416B2E00FAA87B /* RecipeList2 */ = {
			isa = PBXGroup;
			children = (
				876285AF27416BAE00FAA87B /* Data Sources */,
				876285AE27416BA600FAA87B /* Data */,
				876285AD27416B9800FAA87B /* View Model */,
				876285AC27416B9100FAA87B /* View */,
				876285AB27416B8500FAA87B /* Model */,
				8762859D27416B2E00FAA87B /* RecipeList2App.swift */,
				876285A127416B3000FAA87B /* Assets.xcassets */,
				876285A327416B3000FAA87B /* Preview Content */,
			);
			path = RecipeList2;
			sourceTree = "<group>";
		};
		876285A327416B3000FAA87B /* Preview Content */ = {
			isa = PBXGroup;
			children = (
				876285A427416B3000FAA87B /* Preview Assets.xcassets */,
			);
			path = "Preview Content";
			sourceTree = "<group>";
		};
		876285AB27416B8500FAA87B /* Model */ = {
			isa = PBXGroup;
			children = (
				876285B027416C1D00FAA87B /* Recipe.swift */,
			);
			path = Model;
			sourceTree = "<group>";
		};
		876285AC27416B9100FAA87B /* View */ = {
			isa = PBXGroup;
			children = (
				8762859F27416B2E00FAA87B /* RecipeListView.swift */,
				874A72FF2741DEF7005B37A8 /* RecipeDetailView.swift */,
				87C7BEBD27481E4F008D2166 /* RecipeTabView.swift */,
				87D6B5912750AE7F00A9E5C4 /* RecipeFeaturedView.swift */,
			);
			path = View;
			sourceTree = "<group>";
		};
		876285AD27416B9800FAA87B /* View Model */ = {
			isa = PBXGroup;
			children = (
				876285B627416CED00FAA87B /* RecipeModel.swift */,
			);
			path = "View Model";
			sourceTree = "<group>";
		};
		876285AE27416BA600FAA87B /* Data */ = {
			isa = PBXGroup;
			children = (
				876285B227416C5800FAA87B /* recipes.json */,
			);
			path = Data;
			sourceTree = "<group>";
		};
		876285AF27416BAE00FAA87B /* Data Sources */ = {
			isa = PBXGroup;
			children = (
				876285B427416CC100FAA87B /* DataService.swift */,
			);
			path = "Data Sources";
			sourceTree = "<group>";
		};
/* End PBXGroup section */

/* Begin PBXNativeTarget section */
		8762859927416B2E00FAA87B /* RecipeList2 */ = {
			isa = PBXNativeTarget;
			buildConfigurationList = 876285A827416B3000FAA87B /* Build configuration list for PBXNativeTarget "RecipeList2" */;
			buildPhases = (
				8762859627416B2E00FAA87B /* Sources */,
				8762859727416B2E00FAA87B /* Frameworks */,
				8762859827416B2E00FAA87B /* Resources */,
			);
			buildRules = (
			);
			dependencies = (
			);
			name = RecipeList2;
			productName = RecipeList2;
			productReference = 8762859A27416B2E00FAA87B /* RecipeList2.app */;
			productType = "com.apple.product-type.application";
		};
/* End PBXNativeTarget section */

/* Begin PBXProject section */
		8762859227416B2E00FAA87B /* Project object */ = {
			isa = PBXProject;
			attributes = {
				BuildIndependentTargetsInParallel = 1;
				LastSwiftUpdateCheck = 1310;
				LastUpgradeCheck = 1310;
				TargetAttributes = {
					8762859927416B2E00FAA87B = {
						CreatedOnToolsVersion = 13.1;
					};
				};
			};
			buildConfigurationList = 8762859527416B2E00FAA87B /* Build configuration list for PBXProject "RecipeList2" */;
			compatibilityVersion = "Xcode 13.0";
			developmentRegion = en;
			hasScannedForEncodings = 0;
			knownRegions = (
				en,
				Base,
			);
			mainGroup = 8762859127416B2E00FAA87B;
			productRefGroup = 8762859B27416B2E00FAA87B /* Products */;
			projectDirPath = "";
			projectRoot = "";
			targets = (
				8762859927416B2E00FAA87B /* RecipeList2 */,
			);
		};
/* End PBXProject section */

/* Begin PBXResourcesBuildPhase section */
		8762859827416B2E00FAA87B /* Resources */ = {
			isa = PBXResourcesBuildPhase;
			buildActionMask = 2147483647;
			files = (
				876285A527416B3000FAA87B /* Preview Assets.xcassets in Resources */,
				876285B327416C5800FAA87B /* recipes.json in Resources */,
				876285A227416B3000FAA87B /* Assets.xcassets in Resources */,
			);
			runOnlyForDeploymentPostprocessing = 0;
		};
/* End PBXResourcesBuildPhase section */

/* Begin PBXSourcesBuildPhase section */
		8762859627416B2E00FAA87B /* Sources */ = {
			isa = PBXSourcesBuildPhase;
			buildActionMask = 2147483647;
			files = (
				87D6B5922750AE7F00A9E5C4 /* RecipeFeaturedView.swift in Sources */,
				876285B127416C1D00FAA87B /* Recipe.swift in Sources */,
				874A73002741DEF7005B37A8 /* RecipeDetailView.swift in Sources */,
				876285A027416B2E00FAA87B /* RecipeListView.swift in Sources */,
				876285B727416CED00FAA87B /* RecipeModel.swift in Sources */,
				8762859E27416B2E00FAA87B /* RecipeList2App.swift in Sources */,
				876285B527416CC100FAA87B /* DataService.swift in Sources */,
				87C7BEBE27481E4F008D2166 /* RecipeTabView.swift in Sources */,
			);
			runOnlyForDeploymentPostprocessing = 0;
		};
/* End PBXSourcesBuildPhase section */

/* Begin XCBuildConfiguration section */
		876285A627416B3000FAA87B /* Debug */ = {
			isa = XCBuildConfiguration;
			buildSettings = {
				ALWAYS_SEARCH_USER_PATHS = NO;
				CLANG_ANALYZER_NONNULL = YES;
				CLANG_ANALYZER_NUMBER_OBJECT_CONVERSION = YES_AGGRESSIVE;
				CLANG_CXX_LANGUAGE_STANDARD = "gnu++17";
				CLANG_CXX_LIBRARY = "libc++";
				CLANG_ENABLE_MODULES = YES;
				CLANG_ENABLE_OBJC_ARC = YES;
				CLANG_ENABLE_OBJC_WEAK = YES;
				CLANG_WARN_BLOCK_CAPTURE_AUTORELEASING = YES;
				CLANG_WARN_BOOL_CONVERSION = YES;
				CLANG_WARN_COMMA = YES;
				CLANG_WARN_CONSTANT_CONVERSION = YES;
				CLANG_WARN_DEPRECATED_OBJC_IMPLEMENTATIONS = YES;
				CLANG_WARN_DIRECT_OBJC_ISA_USAGE = YES_ERROR;
				CLANG_WARN_DOCUMENTATION_COMMENTS = YES;
				CLANG_WARN_EMPTY_BODY = YES;
				CLANG_WARN_ENUM_CONVERSION = YES;
				CLANG_WARN_INFINITE_RECURSION = YES;
				CLANG_WARN_INT_CONVERSION = YES;
				CLANG_WARN_NON_LITERAL_NULL_CONVERSION = YES;
				CLANG_WARN_OBJC_IMPLICIT_RETAIN_SELF = YES;
				CLANG_WARN_OBJC_LITERAL_CONVERSION = YES;
				CLANG_WARN_OBJC_ROOT_CLASS = YES_ERROR;
				CLANG_WARN_QUOTED_INCLUDE_IN_FRAMEWORK_HEADER = YES;
				CLANG_WARN_RANGE_LOOP_ANALYSIS = YES;
				CLANG_WARN_STRICT_PROTOTYPES = YES;
				CLANG_WARN_SUSPICIOUS_MOVE = YES;
				CLANG_WARN_UNGUARDED_AVAILABILITY = YES_AGGRESSIVE;
				CLANG_WARN_UNREACHABLE_CODE = YES;
				CLANG_WARN__DUPLICATE_METHOD_MATCH = YES;
				COPY_PHASE_STRIP = NO;
				DEBUG_INFORMATION_FORMAT = dwarf;
				ENABLE_STRICT_OBJC_MSGSEND = YES;
				ENABLE_TESTABILITY = YES;
				GCC_C_LANGUAGE_STANDARD = gnu11;
				GCC_DYNAMIC_NO_PIC = NO;
				GCC_NO_COMMON_BLOCKS = YES;
				GCC_OPTIMIZATION_LEVEL = 0;
				GCC_PREPROCESSOR_DEFINITIONS = (
					"DEBUG=1",
					"$(inherited)",
				);
				GCC_WARN_64_TO_32_BIT_CONVERSION = YES;
				GCC_WARN_ABOUT_RETURN_TYPE = YES_ERROR;
				GCC_WARN_UNDECLARED_SELECTOR = YES;
				GCC_WARN_UNINITIALIZED_AUTOS = YES_AGGRESSIVE;
				GCC_WARN_UNUSED_FUNCTION = YES;
				GCC_WARN_UNUSED_VARIABLE = YES;
				IPHONEOS_DEPLOYMENT_TARGET = 15.0;
				MTL_ENABLE_DEBUG_INFO = INCLUDE_SOURCE;
				MTL_FAST_MATH = YES;
				ONLY_ACTIVE_ARCH = YES;
				SDKROOT = iphoneos;
				SWIFT_ACTIVE_COMPILATION_CONDITIONS = DEBUG;
				SWIFT_OPTIMIZATION_LEVEL = "-Onone";
			};
			name = Debug;
		};
		876285A727416B3000FAA87B /* Release */ = {
			isa = XCBuildConfiguration;
			buildSettings = {
				ALWAYS_SEARCH_USER_PATHS = NO;
				CLANG_ANALYZER_NONNULL = YES;
				CLANG_ANALYZER_NUMBER_OBJECT_CONVERSION = YES_AGGRESSIVE;
				CLANG_CXX_LANGUAGE_STANDARD = "gnu++17";
				CLANG_CXX_LIBRARY = "libc++";
				CLANG_ENABLE_MODULES = YES;
				CLANG_ENABLE_OBJC_ARC = YES;
				CLANG_ENABLE_OBJC_WEAK = YES;
				CLANG_WARN_BLOCK_CAPTURE_AUTORELEASING = YES;
				CLANG_WARN_BOOL_CONVERSION = YES;
				CLANG_WARN_COMMA = YES;
				CLANG_WARN_CONSTANT_CONVERSION = YES;
				CLANG_WARN_DEPRECATED_OBJC_IMPLEMENTATIONS = YES;
				CLANG_WARN_DIRECT_OBJC_ISA_USAGE = YES_ERROR;
				CLANG_WARN_DOCUMENTATION_COMMENTS = YES;
				CLANG_WARN_EMPTY_BODY = YES;
				CLANG_WARN_ENUM_CONVERSION = YES;
				CLANG_WARN_INFINITE_RECURSION = YES;
				CLANG_WARN_INT_CONVERSION = YES;
				CLANG_WARN_NON_LITERAL_NULL_CONVERSION = YES;
				CLANG_WARN_OBJC_IMPLICIT_RETAIN_SELF = YES;
				CLANG_WARN_OBJC_LITERAL_CONVERSION = YES;
				CLANG_WARN_OBJC_ROOT_CLASS = YES_ERROR;
				CLANG_WARN_QUOTED_INCLUDE_IN_FRAMEWORK_HEADER = YES;
				CLANG_WARN_RANGE_LOOP_ANALYSIS = YES;
				CLANG_WARN_STRICT_PROTOTYPES = YES;
				CLANG_WARN_SUSPICIOUS_MOVE = YES;
				CLANG_WARN_UNGUARDED_AVAILABILITY = YES_AGGRESSIVE;
				CLANG_WARN_UNREACHABLE_CODE = YES;
				CLANG_WARN__DUPLICATE_METHOD_MATCH = YES;
				COPY_PHASE_STRIP = NO;
				DEBUG_INFORMATION_FORMAT = "dwarf-with-dsym";
				ENABLE_NS_ASSERTIONS = NO;
				ENABLE_STRICT_OBJC_MSGSEND = YES;
				GCC_C_LANGUAGE_STANDARD = gnu11;
				GCC_NO_COMMON_BLOCKS = YES;
				GCC_WARN_64_TO_32_BIT_CONVERSION = YES;
				GCC_WARN_ABOUT_RETURN_TYPE = YES_ERROR;
				GCC_WARN_UNDECLARED_SELECTOR = YES;
				GCC_WARN_UNINITIALIZED_AUTOS = YES_AGGRESSIVE;
				GCC_WARN_UNUSED_FUNCTION = YES;
				GCC_WARN_UNUSED_VARIABLE = YES;
				IPHONEOS_DEPLOYMENT_TARGET = 15.0;
				MTL_ENABLE_DEBUG_INFO = NO;
				MTL_FAST_MATH = YES;
				SDKROOT = iphoneos;
				SWIFT_COMPILATION_MODE = wholemodule;
				SWIFT_OPTIMIZATION_LEVEL = "-O";
				VALIDATE_PRODUCT = YES;
			};
			name = Release;
		};
		876285A927416B3000FAA87B /* Debug */ = {
			isa = XCBuildConfiguration;
			buildSettings = {
				ASSETCATALOG_COMPILER_APPICON_NAME = AppIcon;
				ASSETCATALOG_COMPILER_GLOBAL_ACCENT_COLOR_NAME = AccentColor;
				CODE_SIGN_STYLE = Automatic;
				CURRENT_PROJECT_VERSION = 1;
				DEVELOPMENT_ASSET_PATHS = "\"RecipeList2/Preview Content\"";
				ENABLE_PREVIEWS = YES;
				GENERATE_INFOPLIST_FILE = YES;
				INFOPLIST_KEY_UIApplicationSceneManifest_Generation = YES;
				INFOPLIST_KEY_UIApplicationSupportsIndirectInputEvents = YES;
				INFOPLIST_KEY_UILaunchScreen_Generation = YES;
				INFOPLIST_KEY_UISupportedInterfaceOrientations_iPad = "UIInterfaceOrientationPortrait UIInterfaceOrientationPortraitUpsideDown UIInterfaceOrientationLandscapeLeft UIInterfaceOrientationLandscapeRight";
				INFOPLIST_KEY_UISupportedInterfaceOrientations_iPhone = "UIInterfaceOrientationPortrait UIInterfaceOrientationLandscapeLeft UIInterfaceOrientationLandscapeRight";
				LD_RUNPATH_SEARCH_PATHS = (
					"$(inherited)",
					"@executable_path/Frameworks",
				);
				MARKETING_VERSION = 1.0;
				PRODUCT_BUNDLE_IDENTIFIER = se.sensolution.RecipeList2;
				PRODUCT_NAME = "$(TARGET_NAME)";
				SWIFT_EMIT_LOC_STRINGS = YES;
				SWIFT_VERSION = 5.0;
				TARGETED_DEVICE_FAMILY = "1,2";
			};
			name = Debug;
		};
		876285AA27416B3000FAA87B /* Release */ = {
			isa = XCBuildConfiguration;
			buildSettings = {
				ASSETCATALOG_COMPILER_APPICON_NAME = AppIcon;
				ASSETCATALOG_COMPILER_GLOBAL_ACCENT_COLOR_NAME = AccentColor;
				CODE_SIGN_STYLE = Automatic;
				CURRENT_PROJECT_VERSION = 1;
				DEVELOPMENT_ASSET_PATHS = "\"RecipeList2/Preview Content\"";
				ENABLE_PREVIEWS = YES;
				GENERATE_INFOPLIST_FILE = YES;
				INFOPLIST_KEY_UIApplicationSceneManifest_Generation = YES;
				INFOPLIST_KEY_UIApplicationSupportsIndirectInputEvents = YES;
				INFOPLIST_KEY_UILaunchScreen_Generation = YES;
				INFOPLIST_KEY_UISupportedInterfaceOrientations_iPad = "UIInterfaceOrientationPortrait UIInterfaceOrientationPortraitUpsideDown UIInterfaceOrientationLandscapeLeft UIInterfaceOrientationLandscapeRight";
				INFOPLIST_KEY_UISupportedInterfaceOrientations_iPhone = "UIInterfaceOrientationPortrait UIInterfaceOrientationLandscapeLeft UIInterfaceOrientationLandscapeRight";
				LD_RUNPATH_SEARCH_PATHS = (
					"$(inherited)",
					"@executable_path/Frameworks",
				);
				MARKETING_VERSION = 1.0;
				PRODUCT_BUNDLE_IDENTIFIER = se.sensolution.RecipeList2;
				PRODUCT_NAME = "$(TARGET_NAME)";
				SWIFT_EMIT_LOC_STRINGS = YES;
				SWIFT_VERSION = 5.0;
				TARGETED_DEVICE_FAMILY = "1,2";
			};
			name = Release;
		};
/* End XCBuildConfiguration section */

/* Begin XCConfigurationList section */
		8762859527416B2E00FAA87B /* Build configuration list for PBXProject "RecipeList2" */ = {
			isa = XCConfigurationList;
			buildConfigurations = (
				876285A627416B3000FAA87B /* Debug */,
				876285A727416B3000FAA87B /* Release */,
			);
			defaultConfigurationIsVisible = 0;
			defaultConfigurationName = Release;
		};
		876285A827416B3000FAA87B /* Build configuration list for PBXNativeTarget "RecipeList2" */ = {
			isa = XCConfigurationList;
			buildConfigurations = (
				876285A927416B3000FAA87B /* Debug */,
				876285AA27416B3000FAA87B /* Release */,
			);
			defaultConfigurationIsVisible = 0;
			defaultConfigurationName = Release;
		};
/* End XCConfigurationList section */
	};
	rootObject = 8762859227416B2E00FAA87B /* Project object */;
}
